
Microsoft Visual Studio Solution File, Format Version 12.00
# Visual Studio Version 16
VisualStudioVersion = 16.0.30011.22
MinimumVisualStudioVersion = 10.0.40219.1
Project("{FAE04EC0-301F-11D3-BF4B-00C04F79EFBC}") = "Meetlat", "Meetlat\Meetlat.csproj", "{B01E14D3-AC2C-4CFB-8D8A-364DE3C51CE9}"
EndProject
Global
	GlobalSection(SolutionConfigurationPlatforms) = preSolution
		Debug|Any CPU = Debug|Any CPU
		Release|Any CPU = Release|Any CPU
	EndGlobalSection
	GlobalSection(ProjectConfigurationPlatforms) = postSolution
		{B01E14D3-AC2C-4CFB-8D8A-364DE3C51CE9}.Debug|Any CPU.ActiveCfg = Debug|Any CPU
		{B01E14D3-AC2C-4CFB-8D8A-364DE3C51CE9}.Debug|Any CPU.Build.0 = Debug|Any CPU
		{B01E14D3-AC2C-4CFB-8D8A-364DE3C51CE9}.Release|Any CPU.ActiveCfg = Release|Any CPU
		{B01E14D3-AC2C-4CFB-8D8A-364DE3C51CE9}.Release|Any CPU.Build.0 = Release|Any CPU
	EndGlobalSection
	GlobalSection(SolutionProperties) = preSolution
		HideSolutionNode = FALSE
	EndGlobalSection
	GlobalSection(ExtensibilityGlobals) = postSolution
		SolutionGuid = {2121BBA2-C4DD-4E59-97A4-BA35DDD0175E}
	EndGlobalSection
EndGlobal
